
Microsoft Visual Studio Solution File, Format Version 12.00
# Visual Studio Version 16
VisualStudioVersion = 16.0.28729.10
MinimumVisualStudioVersion = 10.0.40219.1
Project("{FAE04EC0-301F-11D3-BF4B-00C04F79EFBC}") = "EvidenceMvc_48", "EvidenceMvc_48\EvidenceMvc_48.csproj", "{AA98497C-2B0B-4C2B-902D-C6427FDDFB8C}"
EndProject
Global
	GlobalSection(SolutionConfigurationPlatforms) = preSolution
		Debug|Any CPU = Debug|Any CPU
		Release|Any CPU = Release|Any CPU
	EndGlobalSection
	GlobalSection(ProjectConfigurationPlatforms) = postSolution
		{AA98497C-2B0B-4C2B-902D-C6427FDDFB8C}.Debug|Any CPU.ActiveCfg = Debug|Any CPU
		{AA98497C-2B0B-4C2B-902D-C6427FDDFB8C}.Debug|Any CPU.Build.0 = Debug|Any CPU
		{AA98497C-2B0B-4C2B-902D-C6427FDDFB8C}.Release|Any CPU.ActiveCfg = Release|Any CPU
		{AA98497C-2B0B-4C2B-902D-C6427FDDFB8C}.Release|Any CPU.Build.0 = Release|Any CPU
	EndGlobalSection
	GlobalSection(SolutionProperties) = preSolution
		HideSolutionNode = FALSE
	EndGlobalSection
	GlobalSection(ExtensibilityGlobals) = postSolution
		SolutionGuid = {0B6A1E49-2B36-4EB7-AFF2-ED4CE4A72329}
	EndGlobalSection
EndGlobal
